
Microsoft Visual Studio Solution File, Format Version 12.00
# Visual Studio Version 16
VisualStudioVersion = 16.0.30804.86
MinimumVisualStudioVersion = 10.0.40219.1
Project("{8BC9CEB8-8B4A-11D0-8D11-00A0C91BC942}") = "main", "main\main.vcxproj", "{2866BF22-9934-4F01-B013-D08909F991D3}"
EndProject
Global
	GlobalSection(SolutionConfigurationPlatforms) = preSolution
		Debug|x64 = Debug|x64
		Debug|x86 = Debug|x86
		Release|x64 = Release|x64
		Release|x86 = Release|x86
	EndGlobalSection
	GlobalSection(ProjectConfigurationPlatforms) = postSolution
		{2866BF22-9934-4F01-B013-D08909F991D3}.Debug|x64.ActiveCfg = Debug|x64
		{2866BF22-9934-4F01-B013-D08909F991D3}.Debug|x64.Build.0 = Debug|x64
		{2866BF22-9934-4F01-B013-D08909F991D3}.Debug|x86.ActiveCfg = Debug|Win32
		{2866BF22-9934-4F01-B013-D08909F991D3}.Debug|x86.Build.0 = Debug|Win32
		{2866BF22-9934-4F01-B013-D08909F991D3}.Release|x64.ActiveCfg = Release|x64
		{2866BF22-9934-4F01-B013-D08909F991D3}.Release|x64.Build.0 = Release|x64
		{2866BF22-9934-4F01-B013-D08909F991D3}.Release|x86.ActiveCfg = Release|Win32
		{2866BF22-9934-4F01-B013-D08909F991D3}.Release|x86.Build.0 = Release|Win32
	EndGlobalSection
	GlobalSection(SolutionProperties) = preSolution
		HideSolutionNode = FALSE
	EndGlobalSection
	GlobalSection(ExtensibilityGlobals) = postSolution
		SolutionGuid = {7087CD4D-C574-4B0E-961B-5D3353E3F9CB}
	EndGlobalSection
EndGlobal
